
Microsoft Visual Studio Solution File, Format Version 12.00
# Visual Studio Version 17
VisualStudioVersion = 17.0.31903.59
MinimumVisualStudioVersion = 10.0.40219.1
Project("{FAE04EC0-301F-11D3-BF4B-00C04F79EFBC}") = "RSM.Backend", "RSM.Backend\RSM.Backend.csproj", "{D9DC89BB-6A1A-4629-BAC9-19260337C1A1}"
EndProject
Project("{FAE04EC0-301F-11D3-BF4B-00C04F79EFBC}") = "RSM.Domain", "RSM.Domain\RSM.Domain.csproj", "{75BFC5ED-92B8-4435-A44D-1C591CD2A985}"
EndProject
Project("{FAE04EC0-301F-11D3-BF4B-00C04F79EFBC}") = "RSM.Application", "RSM.Application\RSM.Application.csproj", "{505BE673-4A0F-466F-A278-92D9833DB783}"
EndProject
Project("{FAE04EC0-301F-11D3-BF4B-00C04F79EFBC}") = "RSM.Infrastructure", "RSM.Infrastructure\RSM.Infrastructure.csproj", "{D5F928EF-0BAC-4C6E-82E9-8A05D19EEFE2}"
EndProject
Global
	GlobalSection(SolutionConfigurationPlatforms) = preSolution
		Debug|Any CPU = Debug|Any CPU
		Debug|x64 = Debug|x64
		Debug|x86 = Debug|x86
		Release|Any CPU = Release|Any CPU
		Release|x64 = Release|x64
		Release|x86 = Release|x86
	EndGlobalSection
	GlobalSection(ProjectConfigurationPlatforms) = postSolution
		{D9DC89BB-6A1A-4629-BAC9-19260337C1A1}.Debug|Any CPU.ActiveCfg = Debug|Any CPU
		{D9DC89BB-6A1A-4629-BAC9-19260337C1A1}.Debug|Any CPU.Build.0 = Debug|Any CPU
		{D9DC89BB-6A1A-4629-BAC9-19260337C1A1}.Debug|x64.ActiveCfg = Debug|Any CPU
		{D9DC89BB-6A1A-4629-BAC9-19260337C1A1}.Debug|x64.Build.0 = Debug|Any CPU
		{D9DC89BB-6A1A-4629-BAC9-19260337C1A1}.Debug|x86.ActiveCfg = Debug|Any CPU
		{D9DC89BB-6A1A-4629-BAC9-19260337C1A1}.Debug|x86.Build.0 = Debug|Any CPU
		{D9DC89BB-6A1A-4629-BAC9-19260337C1A1}.Release|Any CPU.ActiveCfg = Release|Any CPU
		{D9DC89BB-6A1A-4629-BAC9-19260337C1A1}.Release|Any CPU.Build.0 = Release|Any CPU
		{D9DC89BB-6A1A-4629-BAC9-19260337C1A1}.Release|x64.ActiveCfg = Release|Any CPU
		{D9DC89BB-6A1A-4629-BAC9-19260337C1A1}.Release|x64.Build.0 = Release|Any CPU
		{D9DC89BB-6A1A-4629-BAC9-19260337C1A1}.Release|x86.ActiveCfg = Release|Any CPU
		{D9DC89BB-6A1A-4629-BAC9-19260337C1A1}.Release|x86.Build.0 = Release|Any CPU
		{75BFC5ED-92B8-4435-A44D-1C591CD2A985}.Debug|Any CPU.ActiveCfg = Debug|Any CPU
		{75BFC5ED-92B8-4435-A44D-1C591CD2A985}.Debug|Any CPU.Build.0 = Debug|Any CPU
		{75BFC5ED-92B8-4435-A44D-1C591CD2A985}.Debug|x64.ActiveCfg = Debug|Any CPU
		{75BFC5ED-92B8-4435-A44D-1C591CD2A985}.Debug|x64.Build.0 = Debug|Any CPU
		{75BFC5ED-92B8-4435-A44D-1C591CD2A985}.Debug|x86.ActiveCfg = Debug|Any CPU
		{75BFC5ED-92B8-4435-A44D-1C591CD2A985}.Debug|x86.Build.0 = Debug|Any CPU
		{75BFC5ED-92B8-4435-A44D-1C591CD2A985}.Release|Any CPU.ActiveCfg = Release|Any CPU
		{75BFC5ED-92B8-4435-A44D-1C591CD2A985}.Release|Any CPU.Build.0 = Release|Any CPU
		{75BFC5ED-92B8-4435-A44D-1C591CD2A985}.Release|x64.ActiveCfg = Release|Any CPU
		{75BFC5ED-92B8-4435-A44D-1C591CD2A985}.Release|x64.Build.0 = Release|Any CPU
		{75BFC5ED-92B8-4435-A44D-1C591CD2A985}.Release|x86.ActiveCfg = Release|Any CPU
		{75BFC5ED-92B8-4435-A44D-1C591CD2A985}.Release|x86.Build.0 = Release|Any CPU
		{505BE673-4A0F-466F-A278-92D9833DB783}.Debug|Any CPU.ActiveCfg = Debug|Any CPU
		{505BE673-4A0F-466F-A278-92D9833DB783}.Debug|Any CPU.Build.0 = Debug|Any CPU
		{505BE673-4A0F-466F-A278-92D9833DB783}.Debug|x64.ActiveCfg = Debug|Any CPU
		{505BE673-4A0F-466F-A278-92D9833DB783}.Debug|x64.Build.0 = Debug|Any CPU
		{505BE673-4A0F-466F-A278-92D9833DB783}.Debug|x86.ActiveCfg = Debug|Any CPU
		{505BE673-4A0F-466F-A278-92D9833DB783}.Debug|x86.Build.0 = Debug|Any CPU
		{505BE673-4A0F-466F-A278-92D9833DB783}.Release|Any CPU.ActiveCfg = Release|Any CPU
		{505BE673-4A0F-466F-A278-92D9833DB783}.Release|Any CPU.Build.0 = Release|Any CPU
		{505BE673-4A0F-466F-A278-92D9833DB783}.Release|x64.ActiveCfg = Release|Any CPU
		{505BE673-4A0F-466F-A278-92D9833DB783}.Release|x64.Build.0 = Release|Any CPU
		{505BE673-4A0F-466F-A278-92D9833DB783}.Release|x86.ActiveCfg = Release|Any CPU
		{505BE673-4A0F-466F-A278-92D9833DB783}.Release|x86.Build.0 = Release|Any CPU
		{D5F928EF-0BAC-4C6E-82E9-8A05D19EEFE2}.Debug|Any CPU.ActiveCfg = Debug|Any CPU
		{D5F928EF-0BAC-4C6E-82E9-8A05D19EEFE2}.Debug|Any CPU.Build.0 = Debug|Any CPU
		{D5F928EF-0BAC-4C6E-82E9-8A05D19EEFE2}.Debug|x64.ActiveCfg = Debug|Any CPU
		{D5F928EF-0BAC-4C6E-82E9-8A05D19EEFE2}.Debug|x64.Build.0 = Debug|Any CPU
		{D5F928EF-0BAC-4C6E-82E9-8A05D19EEFE2}.Debug|x86.ActiveCfg = Debug|Any CPU
		{D5F928EF-0BAC-4C6E-82E9-8A05D19EEFE2}.Debug|x86.Build.0 = Debug|Any CPU
		{D5F928EF-0BAC-4C6E-82E9-8A05D19EEFE2}.Release|Any CPU.ActiveCfg = Release|Any CPU
		{D5F928EF-0BAC-4C6E-82E9-8A05D19EEFE2}.Release|Any CPU.Build.0 = Release|Any CPU
		{D5F928EF-0BAC-4C6E-82E9-8A05D19EEFE2}.Release|x64.ActiveCfg = Release|Any CPU
		{D5F928EF-0BAC-4C6E-82E9-8A05D19EEFE2}.Release|x64.Build.0 = Release|Any CPU
		{D5F928EF-0BAC-4C6E-82E9-8A05D19EEFE2}.Release|x86.ActiveCfg = Release|Any CPU
		{D5F928EF-0BAC-4C6E-82E9-8A05D19EEFE2}.Release|x86.Build.0 = Release|Any CPU
	EndGlobalSection
	GlobalSection(SolutionProperties) = preSolution
		HideSolutionNode = FALSE
	EndGlobalSection
EndGlobal
